
Microsoft Visual Studio Solution File, Format Version 12.00
# Visual Studio 14
VisualStudioVersion = 14.0.23107.0
MinimumVisualStudioVersion = 10.0.40219.1
Project("{FAE04EC0-301F-11D3-BF4B-00C04F79EFBC}") = "GMAutomation", "GMAutomation\GMAutomation.csproj", "{58053D91-1367-4201-9E72-7F97120A29EE}"
EndProject
Project("{FAE04EC0-301F-11D3-BF4B-00C04F79EFBC}") = "GMTests", "GMTests\GMTests.csproj", "{F71BBD38-0620-48E8-9D0D-D41CDE9BED00}"
EndProject
Project("{2150E333-8FDC-42A3-9474-1A3956D46DE8}") = "Solution Items", "Solution Items", "{AD6AA4E1-62EF-43FE-91DB-6827D501BD3A}"
EndProject
Global
	GlobalSection(SolutionConfigurationPlatforms) = preSolution
		Debug|Any CPU = Debug|Any CPU
		Release|Any CPU = Release|Any CPU
	EndGlobalSection
	GlobalSection(ProjectConfigurationPlatforms) = postSolution
		{58053D91-1367-4201-9E72-7F97120A29EE}.Debug|Any CPU.ActiveCfg = Debug|Any CPU
		{58053D91-1367-4201-9E72-7F97120A29EE}.Debug|Any CPU.Build.0 = Debug|Any CPU
		{58053D91-1367-4201-9E72-7F97120A29EE}.Release|Any CPU.ActiveCfg = Release|Any CPU
		{58053D91-1367-4201-9E72-7F97120A29EE}.Release|Any CPU.Build.0 = Release|Any CPU
		{F71BBD38-0620-48E8-9D0D-D41CDE9BED00}.Debug|Any CPU.ActiveCfg = Debug|Any CPU
		{F71BBD38-0620-48E8-9D0D-D41CDE9BED00}.Debug|Any CPU.Build.0 = Debug|Any CPU
		{F71BBD38-0620-48E8-9D0D-D41CDE9BED00}.Release|Any CPU.ActiveCfg = Release|Any CPU
		{F71BBD38-0620-48E8-9D0D-D41CDE9BED00}.Release|Any CPU.Build.0 = Release|Any CPU
	EndGlobalSection
	GlobalSection(SolutionProperties) = preSolution
		HideSolutionNode = FALSE
	EndGlobalSection
EndGlobal
